<?xml version="1.0" encoding="utf-8"?>
<Project ToolsVersion="4.0" xmlns="http://schemas.microsoft.com/developer/msbuild/2003">
  <ItemGroup>
    <Filter Include="Resource Files">
      <UniqueIdentifier>{67DA6AB6-F800-4c08-8B7A-83BB121AAD01}</UniqueIdentifier>
      <Extensions>rc;ico;cur;bmp;dlg;rc2;rct;bin;rgs;gif;jpg;jpeg;jpe;resx;tiff;tif;png;wav;mfcribbon-ms</Extensions>
    </Filter>
  </ItemGroup>
  <ItemGroup>
    <ClInclude Include="headers\Renderer.h" />
    <ClInclude Include="headers\Windower.h" />
    <ClInclude Include="headers\PoolAllocator.h" />
    <ClInclude Include="headers\GibVect3.h" />
    <ClInclude Include="headers\InputManager.h" />
    <ClInclude Include="headers\LLNode.h" />
    <ClInclude Include="headers\SceneManager.h" />
    <ClInclude Include="headers\Triangle.h" />
    <ClInclude Include="headers\MessageBus.h" />
    <ClInclude Include="headers\tests\GibVect3-tests.h" />
    <ClInclude Include="headers\lib\glew.h" />
    <ClInclude Include="headers\lib\glfw3.h" />
    <ClInclude Include="headers\tests\MessageBus-tests.h" />
    <ClInclude Include="headers\tests\Triangle-tests.h" />
    <ClInclude Include="headers\classless\Shape.h" />
    <ClInclude Include="headers\classless\Subsystem.h" />
    <ClInclude Include="headers\classless\Messages.h" />
  </ItemGroup>
  <ItemGroup>
    <ClCompile Include="src\Renderer.cpp" />
    <ClCompile Include="src\Windower.cpp" />
    <ClCompile Include="src\PoolAllocator.cpp" />
    <ClCompile Include="src\GibVect3.cpp" />
    <ClCompile Include="src\InputManager.cpp" />
    <ClCompile Include="src\LLNode.cpp" />
    <ClCompile Include="src\SceneManager.cpp" />
    <ClCompile Include="src\Triangle.cpp" />
    <ClCompile Include="src\MessageBus.cpp" />
    <ClCompile Include="src\main.cpp" />
  </ItemGroup>
  <ItemGroup>
    <None Include=".gitignore" />
    <None Include="LICENSE" />
    <None Include="README.md" />
    <None Include="shaders\FragmentShader.h" />
    <None Include="shaders\VertexShader.h" />
    <None Include="libs\glew32.dll" />
    <None Include=".gitattributes" />
    <None Include="Makefile" />
  </ItemGroup>
  <ItemGroup>
    <Library Include="libs\glfw3.lib" />
    <Library Include="libs\glew32s.lib" />
  </ItemGroup>
  <ItemGroup>
    <Text Include="TODO-list.txt" />
  </ItemGroup>
</Project>